
Microsoft Visual Studio Solution File, Format Version 12.00
# Visual Studio Version 16
VisualStudioVersion = 16.0.30907.101
MinimumVisualStudioVersion = 10.0.40219.1
Project("{FAE04EC0-301F-11D3-BF4B-00C04F79EFBC}") = "LiteUI", "LiteUI\LiteUI.csproj", "{B9509F9C-52F6-470D-A827-FCDE298F43E1}"
EndProject
Project("{FAE04EC0-301F-11D3-BF4B-00C04F79EFBC}") = "LiteUI.Test", "LiteUI.Test\LiteUI.Test.csproj", "{FD7B84AB-E04C-44DB-8D42-B8C38422306E}"
EndProject
Global
	GlobalSection(SolutionConfigurationPlatforms) = preSolution
		Debug|Any CPU = Debug|Any CPU
		Release|Any CPU = Release|Any CPU
	EndGlobalSection
	GlobalSection(ProjectConfigurationPlatforms) = postSolution
		{B9509F9C-52F6-470D-A827-FCDE298F43E1}.Debug|Any CPU.ActiveCfg = Debug|Any CPU
		{B9509F9C-52F6-470D-A827-FCDE298F43E1}.Debug|Any CPU.Build.0 = Debug|Any CPU
		{B9509F9C-52F6-470D-A827-FCDE298F43E1}.Release|Any CPU.ActiveCfg = Release|Any CPU
		{B9509F9C-52F6-470D-A827-FCDE298F43E1}.Release|Any CPU.Build.0 = Release|Any CPU
		{FD7B84AB-E04C-44DB-8D42-B8C38422306E}.Debug|Any CPU.ActiveCfg = Debug|Any CPU
		{FD7B84AB-E04C-44DB-8D42-B8C38422306E}.Debug|Any CPU.Build.0 = Debug|Any CPU
		{FD7B84AB-E04C-44DB-8D42-B8C38422306E}.Release|Any CPU.ActiveCfg = Release|Any CPU
		{FD7B84AB-E04C-44DB-8D42-B8C38422306E}.Release|Any CPU.Build.0 = Release|Any CPU
	EndGlobalSection
	GlobalSection(SolutionProperties) = preSolution
		HideSolutionNode = FALSE
	EndGlobalSection
	GlobalSection(ExtensibilityGlobals) = postSolution
		SolutionGuid = {1D96B8F6-B948-4B75-A5BA-EC4FA2B78CC9}
	EndGlobalSection
EndGlobal
